
Microsoft Visual Studio Solution File, Format Version 12.00
# Visual Studio Version 16
VisualStudioVersion = 16.0.31205.134
MinimumVisualStudioVersion = 10.0.40219.1
Project("{FAE04EC0-301F-11D3-BF4B-00C04F79EFBC}") = "ToPdf", "ToPdf\ToPdf.csproj", "{D208323C-2586-474C-87CB-48A58D8AE0EA}"
EndProject
Global
	GlobalSection(SolutionConfigurationPlatforms) = preSolution
		Debug|Any CPU = Debug|Any CPU
		Release|Any CPU = Release|Any CPU
	EndGlobalSection
	GlobalSection(ProjectConfigurationPlatforms) = postSolution
		{D208323C-2586-474C-87CB-48A58D8AE0EA}.Debug|Any CPU.ActiveCfg = Debug|Any CPU
		{D208323C-2586-474C-87CB-48A58D8AE0EA}.Debug|Any CPU.Build.0 = Debug|Any CPU
		{D208323C-2586-474C-87CB-48A58D8AE0EA}.Release|Any CPU.ActiveCfg = Release|Any CPU
		{D208323C-2586-474C-87CB-48A58D8AE0EA}.Release|Any CPU.Build.0 = Release|Any CPU
	EndGlobalSection
	GlobalSection(SolutionProperties) = preSolution
		HideSolutionNode = FALSE
	EndGlobalSection
	GlobalSection(ExtensibilityGlobals) = postSolution
		SolutionGuid = {175E3273-BA2F-4935-866F-51CDC045D4EA}
	EndGlobalSection
EndGlobal
